
Microsoft Visual Studio Solution File, Format Version 12.00
# Visual Studio Version 16
VisualStudioVersion = 16.0.29025.244
MinimumVisualStudioVersion = 10.0.40219.1
Project("{9A19103F-16F7-4668-BE54-9A1E7A4F7556}") = "Week4InClassProject", "Week4InClassProject.csproj", "{CC08920C-0C1A-463F-9900-B13C5A290850}"
EndProject
Global
	GlobalSection(SolutionConfigurationPlatforms) = preSolution
		Debug|Any CPU = Debug|Any CPU
		Release|Any CPU = Release|Any CPU
	EndGlobalSection
	GlobalSection(ProjectConfigurationPlatforms) = postSolution
		{CC08920C-0C1A-463F-9900-B13C5A290850}.Debug|Any CPU.ActiveCfg = Debug|Any CPU
		{CC08920C-0C1A-463F-9900-B13C5A290850}.Debug|Any CPU.Build.0 = Debug|Any CPU
		{CC08920C-0C1A-463F-9900-B13C5A290850}.Release|Any CPU.ActiveCfg = Release|Any CPU
		{CC08920C-0C1A-463F-9900-B13C5A290850}.Release|Any CPU.Build.0 = Release|Any CPU
	EndGlobalSection
	GlobalSection(SolutionProperties) = preSolution
		HideSolutionNode = FALSE
	EndGlobalSection
	GlobalSection(ExtensibilityGlobals) = postSolution
		SolutionGuid = {486A6B90-6512-441A-BA2E-5E39698A6FD0}
	EndGlobalSection
EndGlobal
